
Microsoft Visual Studio Solution File, Format Version 12.00
# Visual Studio 15
VisualStudioVersion = 15.0.28010.2026
MinimumVisualStudioVersion = 10.0.40219.1
Project("{FAE04EC0-301F-11D3-BF4B-00C04F79EFBC}") = "Microsoft.ValidatePhoto", "ConsoleApp-ValidatePhoto\Microsoft.ValidatePhoto.csproj", "{D7EDE017-BEB1-4E53-9CC4-B7C3D1F4A092}"
EndProject
Project("{FAE04EC0-301F-11D3-BF4B-00C04F79EFBC}") = "UnitTestSecurityBot", "UnitTestSecurityBot\UnitTestSecurityBot.csproj", "{88176DC4-2CEA-4C59-92D1-8BDDD6DA7FE4}"
EndProject
Global
	GlobalSection(SolutionConfigurationPlatforms) = preSolution
		Debug|Any CPU = Debug|Any CPU
		Release|Any CPU = Release|Any CPU
	EndGlobalSection
	GlobalSection(ProjectConfigurationPlatforms) = postSolution
		{D7EDE017-BEB1-4E53-9CC4-B7C3D1F4A092}.Debug|Any CPU.ActiveCfg = Debug|Any CPU
		{D7EDE017-BEB1-4E53-9CC4-B7C3D1F4A092}.Debug|Any CPU.Build.0 = Debug|Any CPU
		{D7EDE017-BEB1-4E53-9CC4-B7C3D1F4A092}.Release|Any CPU.ActiveCfg = Release|Any CPU
		{D7EDE017-BEB1-4E53-9CC4-B7C3D1F4A092}.Release|Any CPU.Build.0 = Release|Any CPU
		{88176DC4-2CEA-4C59-92D1-8BDDD6DA7FE4}.Debug|Any CPU.ActiveCfg = Debug|Any CPU
		{88176DC4-2CEA-4C59-92D1-8BDDD6DA7FE4}.Debug|Any CPU.Build.0 = Debug|Any CPU
		{88176DC4-2CEA-4C59-92D1-8BDDD6DA7FE4}.Release|Any CPU.ActiveCfg = Release|Any CPU
		{88176DC4-2CEA-4C59-92D1-8BDDD6DA7FE4}.Release|Any CPU.Build.0 = Release|Any CPU
	EndGlobalSection
	GlobalSection(SolutionProperties) = preSolution
		HideSolutionNode = FALSE
	EndGlobalSection
	GlobalSection(ExtensibilityGlobals) = postSolution
		SolutionGuid = {814708C8-D775-4A06-9425-181540170148}
	EndGlobalSection
EndGlobal
