
Microsoft Visual Studio Solution File, Format Version 12.00
# Visual Studio 15
VisualStudioVersion = 15.0.28010.2026
MinimumVisualStudioVersion = 10.0.40219.1
Project("{FAE04EC0-301F-11D3-BF4B-00C04F79EFBC}") = "Microsoft.ValidatePhoto", "Microsoft.ValidatePhoto\Microsoft.ValidatePhoto.csproj", "{F988BC5C-8A49-4EC3-9526-4DE831502847}"
EndProject
Project("{FAE04EC0-301F-11D3-BF4B-00C04F79EFBC}") = "SecurityBotUnitTests", "SecurityBotUnitTests\SecurityBotUnitTests.csproj", "{368878F7-B666-4687-9C20-7472B6FCAE72}"
EndProject
Global
	GlobalSection(SolutionConfigurationPlatforms) = preSolution
		Debug|Any CPU = Debug|Any CPU
		Release|Any CPU = Release|Any CPU
	EndGlobalSection
	GlobalSection(ProjectConfigurationPlatforms) = postSolution
		{F988BC5C-8A49-4EC3-9526-4DE831502847}.Debug|Any CPU.ActiveCfg = Debug|Any CPU
		{F988BC5C-8A49-4EC3-9526-4DE831502847}.Debug|Any CPU.Build.0 = Debug|Any CPU
		{F988BC5C-8A49-4EC3-9526-4DE831502847}.Release|Any CPU.ActiveCfg = Release|Any CPU
		{F988BC5C-8A49-4EC3-9526-4DE831502847}.Release|Any CPU.Build.0 = Release|Any CPU
		{368878F7-B666-4687-9C20-7472B6FCAE72}.Debug|Any CPU.ActiveCfg = Debug|Any CPU
		{368878F7-B666-4687-9C20-7472B6FCAE72}.Debug|Any CPU.Build.0 = Debug|Any CPU
		{368878F7-B666-4687-9C20-7472B6FCAE72}.Release|Any CPU.ActiveCfg = Release|Any CPU
		{368878F7-B666-4687-9C20-7472B6FCAE72}.Release|Any CPU.Build.0 = Release|Any CPU
	EndGlobalSection
	GlobalSection(SolutionProperties) = preSolution
		HideSolutionNode = FALSE
	EndGlobalSection
	GlobalSection(ExtensibilityGlobals) = postSolution
		SolutionGuid = {98453162-43FE-4112-8A74-45BE9EC8BFB3}
	EndGlobalSection
EndGlobal
